
Microsoft Visual Studio Solution File, Format Version 12.00
# Visual Studio Version 16
VisualStudioVersion = 16.0.31727.386
MinimumVisualStudioVersion = 10.0.40219.1
Project("{FAE04EC0-301F-11D3-BF4B-00C04F79EFBC}") = "UCP1_PAW_112_C", "UCP1_PAW_112_C\UCP1_PAW_112_C.csproj", "{1FE52955-28A5-4EF2-BCF8-9A98CDEBC29A}"
EndProject
Global
	GlobalSection(SolutionConfigurationPlatforms) = preSolution
		Debug|Any CPU = Debug|Any CPU
		Release|Any CPU = Release|Any CPU
	EndGlobalSection
	GlobalSection(ProjectConfigurationPlatforms) = postSolution
		{1FE52955-28A5-4EF2-BCF8-9A98CDEBC29A}.Debug|Any CPU.ActiveCfg = Debug|Any CPU
		{1FE52955-28A5-4EF2-BCF8-9A98CDEBC29A}.Debug|Any CPU.Build.0 = Debug|Any CPU
		{1FE52955-28A5-4EF2-BCF8-9A98CDEBC29A}.Release|Any CPU.ActiveCfg = Release|Any CPU
		{1FE52955-28A5-4EF2-BCF8-9A98CDEBC29A}.Release|Any CPU.Build.0 = Release|Any CPU
	EndGlobalSection
	GlobalSection(SolutionProperties) = preSolution
		HideSolutionNode = FALSE
	EndGlobalSection
	GlobalSection(ExtensibilityGlobals) = postSolution
		SolutionGuid = {E7C4A914-9C94-4A53-A784-633840931002}
	EndGlobalSection
EndGlobal
